
Microsoft Visual Studio Solution File, Format Version 12.00
# Visual Studio Version 16
VisualStudioVersion = 16.0.30413.136
MinimumVisualStudioVersion = 10.0.40219.1
Project("{FAE04EC0-301F-11D3-BF4B-00C04F79EFBC}") = "TestScoreAverage", "TestScoreAverage.csproj", "{4D04EC01-F328-4F02-9D16-34F3D855B488}"
EndProject
Global
	GlobalSection(SolutionConfigurationPlatforms) = preSolution
		Debug|Any CPU = Debug|Any CPU
		Release|Any CPU = Release|Any CPU
	EndGlobalSection
	GlobalSection(ProjectConfigurationPlatforms) = postSolution
		{4D04EC01-F328-4F02-9D16-34F3D855B488}.Debug|Any CPU.ActiveCfg = Debug|Any CPU
		{4D04EC01-F328-4F02-9D16-34F3D855B488}.Debug|Any CPU.Build.0 = Debug|Any CPU
		{4D04EC01-F328-4F02-9D16-34F3D855B488}.Release|Any CPU.ActiveCfg = Release|Any CPU
		{4D04EC01-F328-4F02-9D16-34F3D855B488}.Release|Any CPU.Build.0 = Release|Any CPU
	EndGlobalSection
	GlobalSection(SolutionProperties) = preSolution
		HideSolutionNode = FALSE
	EndGlobalSection
	GlobalSection(ExtensibilityGlobals) = postSolution
		SolutionGuid = {35AC6E18-3F5B-436D-A39A-24A6B11BD367}
	EndGlobalSection
EndGlobal
